{
    "_meta": {
        "hash": {
            "sha256": "92620fead4c64deb16aa8ceb8d5d0d3d41c51ce5682b15f664272cc546054043"
        },
        "host-environment-markers": {
            "implementation_name": "cpython",
            "implementation_version": "0",
            "os_name": "posix",
            "platform_machine": "x86_64",
            "platform_python_implementation": "CPython",
            "platform_release": "17.5.0",
            "platform_system": "Darwin",
            "platform_version": "Darwin Kernel Version 17.5.0: Fri Jan 12 23:22:48 PST 2018; root:xnu-4570.50.243~12/RELEASE_X86_64",
            "python_full_version": "2.7.13",
            "python_version": "2.7",
            "sys_platform": "darwin"
        },
        "pipfile-spec": 6,
        "requires": {
            "python_version": "2.7"
        },
        "sources": [
            {
                "name": "pypi",
                "url": "https://pypi.python.org/simple",
                "verify_ssl": true
            }
        ]
    },
    "default": {
        "apipkg": {
            "hashes": [
                "sha256:65d2aa68b28e7d31233bb2ba8eb31cda40e4671f8ac2d6b241e358c9652a74b9",
                "sha256:2e38399dbe842891fe85392601aab8f40a8f4cc5a9053c326de35a1cc0297ac6"
            ],
            "version": "==1.4"
        },
        "attrs": {
            "hashes": [
                "sha256:a17a9573a6f475c99b551c0e0a812707ddda1ec9653bed04c13841404ed6f450",
                "sha256:1c7960ccfd6a005cd9f7ba884e6316b5e430a3f1a6c37c5f87d8b43f83b54ec9"
            ],
            "version": "==17.4.0"
        },
        "blessings": {
            "hashes": [
                "sha256:26dbaf2f89c3e6dee11c10f7c0b85756ed75cf602b1bb7935b4efd8ed67a000f",
                "sha256:466e43ff45723b272311de0437649df464b33b4daba7a54c69493212958e19c7",
                "sha256:74919575885552e14bc24a68f8b539690bd1b5629180faa830b1a25b8c7fb6ea"
            ],
            "version": "==1.6.1"
        },
        "certifi": {
            "hashes": [
                "sha256:14131608ad2fd56836d33a71ee60fa1c82bc9d2c8d98b7bdbc631fe1b3cd1296",
                "sha256:edbc3f203427eef571f79a7692bb160a2b0f7ccaa31953e99bd17e307cf63f7d"
            ],
            "version": "==2018.1.18"
        },
        "chardet": {
            "hashes": [
                "sha256:fc323ffcaeaed0e0a02bf4d117757b98aed530d9ed4531e3e15460124c106691",
                "sha256:84ab92ed1c4d4f16916e05906b6b75a6c0fb5db821cc65e70cbd64a3e2a5eaae"
            ],
            "version": "==3.0.4"
        },
        "execnet": {
            "hashes": [
                "sha256:fc155a6b553c66c838d1a22dba1dc9f5f505c43285a878c6f74a79c024750b83",
                "sha256:a7a84d5fa07a089186a329528f127c9d73b9de57f1a1131b82bb5320ee651f6a"
            ],
            "version": "==1.5.0"
        },
        "funcsigs": {
            "hashes": [
                "sha256:330cc27ccbf7f1e992e69fef78261dc7c6569012cf397db8d3de0234e6c937ca",
                "sha256:a7bb0f2cf3a3fd1ab2732cb49eba4252c2af4240442415b4abce3b87022a8f50"
            ],
            "markers": "python_version < '3.0'",
            "version": "==1.0.2"
        },
        "idna": {
            "hashes": [
                "sha256:8c7309c718f94b3a625cb648ace320157ad16ff131ae0af362c9f21b80ef6ec4",
                "sha256:2c6a5de3089009e3da7c5dde64a141dbc8551d5b7f6cf4ed7c2568d0cc520a8f"
            ],
            "version": "==2.6"
        },
        "mozlog": {
            "hashes": [
                "sha256:fbcbef51c80cdfee0803b3ecd6260589b9b3bafc085fbc6459314ec56b545327",
                "sha256:414141131c4f5e7242e69a939d2b74f4ed8dbac12bef93eee4e7125cd1a131e9"
            ],
            "version": "==3.7"
        },
        "mozterm": {
            "hashes": [
                "sha256:005c09ca2eea3d71ae90d8cd01ce9bf137cf8539aa0d6d6eaf94cab34262082e",
                "sha256:4ebf8bd772d97c0f557184173f0f96cfca0abfc07e1ae975fbcfa76be50b5561"
            ],
            "version": "==0.1.0"
        },
        "pluggy": {
            "hashes": [
                "sha256:7f8ae7f5bdf75671a718d2daf0a64b7885f74510bcd98b1a0bb420eb9a9d0cff"
            ],
            "version": "==0.6.0"
        },
        "py": {
            "hashes": [
                "sha256:8cca5c229d225f8c1e3085be4fcf306090b00850fefad892f9d96c7b6e2f310f",
                "sha256:ca18943e28235417756316bfada6cd96b23ce60dd532642690dcfdaba988a76d"
            ],
            "version": "==1.5.2"
        },
        "pypom": {
            "hashes": [
                "sha256:f3b0e8af86fda2a05361b1862dcb3267ed316ad49c5a7410981b270e0754d525",
                "sha256:068abbeffee51fcb703357a5db1e7d2b3e8e4ccd9828b8bbe64b0fae6db99365"
            ],
            "version": "==1.2.0"
        },
        "pytest": {
            "hashes": [
                "sha256:b84878865558194630c6147f44bdaef27222a9f153bbd4a08908b16bf285e0b1",
                "sha256:53548280ede7818f4dc2ad96608b9f08ae2cc2ca3874f2ceb6f97e3583f25bc4"
            ],
            "version": "==3.3.2"
        },
        "pytest-base-url": {
            "hashes": [
                "sha256:31e42366a5fc22f450b398837dc819bb7569f5e6bd5d74e494b2b9ec239876d1",
                "sha256:7425e8163345494ac7f544e99c6f3e5a08f4228bee5e26013b98c462a4d31f6e"
            ],
            "version": "==1.4.1"
        },
        "pytest-forked": {
            "hashes": [
                "sha256:f275cb48a73fc61a6710726348e1da6d68a978f0ec0c54ece5a5fae5977e5a08",
                "sha256:e4500cd0509ec4a26535f7d4112a8cc0f17d3a41c29ffd4eab479d2a55b30805"
            ],
            "version": "==0.2"
        },
        "pytest-html": {
            "hashes": [
                "sha256:135ea10b9ec0a5e370dc1820a5552d761aa3fec8400eabc0b06646f90f5c820e",
                "sha256:d6ae1ae5d10158d290b603ccf46b5d103e93cf7d67df42bb7d6516fb4f1317f3"
            ],
            "version": "==1.16.1"
        },
        "pytest-metadata": {
            "hashes": [
                "sha256:e126a4ab80b77f08d3bc7da6ec1ed053317eaed042690eb5b4272b79a25c7f88",
                "sha256:26761319ecc916f16dc95f166e41e041d50a6d587d8332300594dfcfda6a7199"
            ],
            "version": "==1.5.1"
        },
        "pytest-selenium": {
            "hashes": [
                "sha256:9a0c48c434b538387ed6fa9d0c2f0b2e32f4fb71a4c41754df49be0aa4c64ae1",
                "sha256:b66651fe7cbeee02b511f7b59f250ca77fcdb6024f193ca10da27d1d91240688"
            ],
            "version": "==1.11.4"
        },
        "pytest-variables": {
            "hashes": [
                "sha256:59c00b95779657532ac5f8209b28b5d447c8b4bc4210c1d6bdf9a42aa201f9b0",
                "sha256:7808b77b643b9f8a24f1ee1c32132648b1c62ab93956f20fe101dde66db6d09a"
            ],
            "version": "==1.7.1"
        },
        "pytest-xdist": {
            "hashes": [
                "sha256:c94039645151efca320430b7dbc2991fca38f918fa8d9420d2d8d060b8bd62ce",
                "sha256:65228a859191f2c74ee68c127317eefe35eedd3d43fc1431f19240663b0cafcd"
            ],
            "version": "==1.22.0"
        },
        "requests": {
            "hashes": [
                "sha256:6a1b267aa90cac58ac3a765d067950e7dbbf75b1da07e895d1f594193a40a38b",
                "sha256:9c443e7324ba5b85070c4a818ade28bfabedf16ea10206da1132edaa6dda237e"
            ],
            "version": "==2.18.4"
        },
        "selenium": {
            "hashes": [
                "sha256:5acb9cdbc2d1a7fbb3e16a8ce9246211cc371f0367ad9c6bc2273cca60a6b045",
                "sha256:9abd2dbd4a5e9b778483ce7e5adf1ea9364fcbc29da488e979213c825a1515d3"
            ],
            "version": "==3.8.1"
        },
        "six": {
            "hashes": [
                "sha256:832dc0e10feb1aa2c68dcc57dbb658f1c7e65b9b61af69048abc87a2db00a0eb",
                "sha256:70e8a77beed4562e7f14fe23a786b54f6296e34344c23bc42f07b15018ff98e9"
            ],
            "version": "==1.11.0"
        },
        "urllib3": {
            "hashes": [
                "sha256:06330f386d6e4b195fbfc736b297f58c5a892e4440e54d294d7004e3a9bbea1b",
                "sha256:cc44da8e1145637334317feebd728bd869a35285b93cbb4cca2577da7e62db4f"
            ],
            "version": "==1.22"
        },
        "zope.component": {
            "hashes": [
                "sha256:2776ab93945c8df3781fdcc2126dc7080e9a1d64fef5f76a21550473cbb505bf",
                "sha256:1b29aa65413f6dda29e64e2352a6aa13d9ba70078f6b91f328573488788d531c"
            ],
            "version": "==4.4.1"
        },
        "zope.event": {
            "hashes": [
                "sha256:57b5fefd1d92774a7c26d7307b7ad9d0eac2181fd320b2061e69216e2a3b3a07",
                "sha256:e0ecea24247a837c71c106b0341a7a997e3653da820d21ef6c08b32548f733e7"
            ],
            "version": "==4.3.0"
        },
        "zope.interface": {
            "hashes": [
                "sha256:9902d5fc11309e17cdce6574243dc114b9c30de5c60ab53c90f6e3e962688565",
                "sha256:4cb1c56b0356da9a33249ef77a688c47107f54191c12a0055d284b6bee7f447e",
                "sha256:ff20038fbc0e7ea050a7e28fcb8ae6ed8378a8d08ac70b848ea39960dda86bbf",
                "sha256:f6868378fffbb8651f1f8a767d17e42aed39926c8f6bb9c56f184022fe6c2090",
                "sha256:a6375035a4b45d199a8b990e3a2f6b71906c318c56dfc14b2d58350b6ca59392",
                "sha256:dec19181cf6af58ccb8ba3fa3ca9d4ec555b2f3cb31f589f6e86d15df0926c31",
                "sha256:b8f3491c9df4f0ffed32b275033e74041f420e5dcdefa4b1500d753c64ef42cf",
                "sha256:5d8813e438ab67a793b09e1223742b757dd95a4a64d466855a53cb113cc9c9c4",
                "sha256:5a8cc535f4212b134e66a3e1c6b93b19d453dbad0e2f89d0df2c01deefc8cad9",
                "sha256:bd626cd76b7e5cbecac9d3e0dd8f98e3eada15ead95713238a523f877327633d",
                "sha256:16fe824b3d93ee0629aa1f04848a1b515d6b5dc9e98cc7a04feaa35fdb0de5f1",
                "sha256:f47d4138405eb67e5f059b9ab74e0a1147adc3277f5fe37d5bae5209b67e89e7",
                "sha256:8dfdc1588db31895f81bcba6c36dc981b4cf4a526c62eae3745bbfbe102477ef",
                "sha256:88e3d54e88a601f45d03e2a062d5d16852d20e0863a92c19260ae72e2586378a",
                "sha256:3d033abd27cd54157cf42a3bfd4d8c28d7fc5c6f775df3332307d2632a79925b",
                "sha256:a21d69de2ee89fc59de93e7a43c0379ecedb5149739ff94e910c2bf0ca18e181",
                "sha256:aef398a5b92e70b8152d2c4850bad0fe185adb50d948f32d0bba5694d82b67c7",
                "sha256:11b068fc9916556f3820f38c2376c28d8e55e4a2c51c34915aaac38b75706d2e",
                "sha256:78321a6c0c8cc6ac928e44ef04d50384bc864a7f5e3c25b84110da2ede83739f",
                "sha256:4be05f79e952793f31a0c2d6a0672c81a3300315da587ce6a590357595217005",
                "sha256:1d954d557b63124a65f2247ac6ed66fa36df18d1e8538d08c9b432e808a634de",
                "sha256:a16a3e07511fb6806bb48c8c661d38cdb91cd4bc6c2b6b0b173e72362ec1ceb4",
                "sha256:d6d26d5dfbfd60c65152938fcb82f949e8dada37c041f72916fef6621ba5c5ce"
            ],
            "version": "==4.4.3"
        }
    },
    "develop": {}
}
